
Microsoft Visual Studio Solution File, Format Version 12.00
# Visual Studio Version 17
VisualStudioVersion = 17.9.34701.34
MinimumVisualStudioVersion = 10.0.40219.1
Project("{9A19103F-16F7-4668-BE54-9A1E7A4F7556}") = "DemoBlazorWASM", "DemoBlazorWASM\DemoBlazorWASM.csproj", "{60CED6B1-8B21-4A4A-B897-AE4EEF36B653}"
EndProject
Global
	GlobalSection(SolutionConfigurationPlatforms) = preSolution
		Debug|Any CPU = Debug|Any CPU
		Release|Any CPU = Release|Any CPU
	EndGlobalSection
	GlobalSection(ProjectConfigurationPlatforms) = postSolution
		{60CED6B1-8B21-4A4A-B897-AE4EEF36B653}.Debug|Any CPU.ActiveCfg = Debug|Any CPU
		{60CED6B1-8B21-4A4A-B897-AE4EEF36B653}.Debug|Any CPU.Build.0 = Debug|Any CPU
		{60CED6B1-8B21-4A4A-B897-AE4EEF36B653}.Release|Any CPU.ActiveCfg = Release|Any CPU
		{60CED6B1-8B21-4A4A-B897-AE4EEF36B653}.Release|Any CPU.Build.0 = Release|Any CPU
	EndGlobalSection
	GlobalSection(SolutionProperties) = preSolution
		HideSolutionNode = FALSE
	EndGlobalSection
	GlobalSection(ExtensibilityGlobals) = postSolution
		SolutionGuid = {46DC99FF-ABD9-4B0B-A947-B823FD9288B1}
	EndGlobalSection
EndGlobal
